
Microsoft Visual Studio Solution File, Format Version 12.00
# Visual Studio Version 17
VisualStudioVersion = 17.3.32819.101
MinimumVisualStudioVersion = 10.0.40219.1
Project("{FAE04EC0-301F-11D3-BF4B-00C04F79EFBC}") = "Memento", "Memento\Memento.csproj", "{705C4B19-F473-400A-B8B3-64F193AC98A7}"
EndProject
Global
	GlobalSection(SolutionConfigurationPlatforms) = preSolution
		Debug|Any CPU = Debug|Any CPU
		Release|Any CPU = Release|Any CPU
	EndGlobalSection
	GlobalSection(ProjectConfigurationPlatforms) = postSolution
		{705C4B19-F473-400A-B8B3-64F193AC98A7}.Debug|Any CPU.ActiveCfg = Debug|Any CPU
		{705C4B19-F473-400A-B8B3-64F193AC98A7}.Debug|Any CPU.Build.0 = Debug|Any CPU
		{705C4B19-F473-400A-B8B3-64F193AC98A7}.Release|Any CPU.ActiveCfg = Release|Any CPU
		{705C4B19-F473-400A-B8B3-64F193AC98A7}.Release|Any CPU.Build.0 = Release|Any CPU
	EndGlobalSection
	GlobalSection(SolutionProperties) = preSolution
		HideSolutionNode = FALSE
	EndGlobalSection
	GlobalSection(ExtensibilityGlobals) = postSolution
		SolutionGuid = {8BA2D0B4-88D6-48F0-BDBC-5A4F46C42C34}
	EndGlobalSection
EndGlobal
